
Microsoft Visual Studio Solution File, Format Version 12.00
# Visual Studio Version 17
VisualStudioVersion = 17.8.34511.84
MinimumVisualStudioVersion = 10.0.40219.1
Project("{FAE04EC0-301F-11D3-BF4B-00C04F79EFBC}") = "AdvancedOops", "AdvancedOops\AdvancedOops.csproj", "{83740714-A0AE-42B6-B532-9C3830066E43}"
EndProject
Global
	GlobalSection(SolutionConfigurationPlatforms) = preSolution
		Debug|Any CPU = Debug|Any CPU
		Release|Any CPU = Release|Any CPU
	EndGlobalSection
	GlobalSection(ProjectConfigurationPlatforms) = postSolution
		{83740714-A0AE-42B6-B532-9C3830066E43}.Debug|Any CPU.ActiveCfg = Debug|Any CPU
		{83740714-A0AE-42B6-B532-9C3830066E43}.Debug|Any CPU.Build.0 = Debug|Any CPU
		{83740714-A0AE-42B6-B532-9C3830066E43}.Release|Any CPU.ActiveCfg = Release|Any CPU
		{83740714-A0AE-42B6-B532-9C3830066E43}.Release|Any CPU.Build.0 = Release|Any CPU
	EndGlobalSection
	GlobalSection(SolutionProperties) = preSolution
		HideSolutionNode = FALSE
	EndGlobalSection
	GlobalSection(ExtensibilityGlobals) = postSolution
		SolutionGuid = {8FE356E3-C44D-4915-BA84-9547DE63C96D}
	EndGlobalSection
EndGlobal
